<?xml version="1.0" encoding="utf-8"?>
<Project ToolsVersion="4.0" xmlns="http://schemas.microsoft.com/developer/msbuild/2003">
  <ItemGroup>
    <Filter Include="소스 파일">
      <UniqueIdentifier>{4FC737F1-C7A5-4376-A066-2A32D752A2FF}</UniqueIdentifier>
      <Extensions>cpp;c;cc;cxx;def;odl;idl;hpj;bat;asm;asmx</Extensions>
    </Filter>
    <Filter Include="헤더 파일">
      <UniqueIdentifier>{93995380-89BD-4b04-88EB-625FBE52EBFB}</UniqueIdentifier>
      <Extensions>h;hh;hpp;hxx;hm;inl;inc;ipp;xsd</Extensions>
    </Filter>
    <Filter Include="리소스 파일">
      <UniqueIdentifier>{67DA6AB6-F800-4c08-8B7A-83BB121AAD01}</UniqueIdentifier>
      <Extensions>rc;ico;cur;bmp;dlg;rc2;rct;bin;rgs;gif;jpg;jpeg;jpe;resx;tiff;tif;png;wav;mfcribbon-ms</Extensions>
    </Filter>
    <Filter Include="HLSL">
      <UniqueIdentifier>{13a4318c-32ba-4310-bc7c-b1d1eb55d3c9}</UniqueIdentifier>
    </Filter>
    <Filter Include="DesignPattern">
      <UniqueIdentifier>{ed72eefa-e90b-4843-991f-566dc4388b68}</UniqueIdentifier>
    </Filter>
    <Filter Include="ShaderClass">
      <UniqueIdentifier>{4da2f078-a8d7-4a97-a52a-0a07e0dea2b1}</UniqueIdentifier>
    </Filter>
    <Filter Include="Components">
      <UniqueIdentifier>{f1394e33-b178-449a-bd2e-e44d3af635aa}</UniqueIdentifier>
    </Filter>
  </ItemGroup>
  <ItemGroup>
    <ClInclude Include="targetver.h">
      <Filter>헤더 파일</Filter>
    </ClInclude>
    <ClInclude Include="Resource.h">
      <Filter>헤더 파일</Filter>
    </ClInclude>
    <ClInclude Include="AreongEngine.h">
      <Filter>헤더 파일</Filter>
    </ClInclude>
    <ClInclude Include="AlignedAllocationPolicy.h">
      <Filter>헤더 파일</Filter>
    </ClInclude>
    <ClInclude Include="D3DClass.h">
      <Filter>헤더 파일</Filter>
    </ClInclude>
    <ClInclude Include="DxIncludes.h">
      <Filter>헤더 파일</Filter>
    </ClInclude>
    <ClInclude Include="InputManager.h">
      <Filter>헤더 파일</Filter>
    </ClInclude>
    <ClInclude Include="RenderManager.h">
      <Filter>헤더 파일</Filter>
    </ClInclude>
    <ClInclude Include="stdafx.h">
      <Filter>헤더 파일</Filter>
    </ClInclude>
    <ClInclude Include="ShaderManager.h">
      <Filter>헤더 파일</Filter>
    </ClInclude>
    <ClInclude Include="DesignPattern\Singleton.h">
      <Filter>DesignPattern</Filter>
    </ClInclude>
    <ClInclude Include="DesignPattern\DesignPatternIncludes.h">
      <Filter>헤더 파일</Filter>
    </ClInclude>
    <ClInclude Include="ShaderClass\ColorShaderClass.h">
      <Filter>ShaderClass</Filter>
    </ClInclude>
    <ClInclude Include="ModelClass.h">
      <Filter>헤더 파일</Filter>
    </ClInclude>
    <ClInclude Include="CameraClass.h">
      <Filter>헤더 파일</Filter>
    </ClInclude>
    <ClInclude Include="ShaderClass\ShaderClassIncludes.h">
      <Filter>ShaderClass</Filter>
    </ClInclude>
    <ClInclude Include="ShaderClass\TextureShaderClass.h">
      <Filter>ShaderClass</Filter>
    </ClInclude>
    <ClInclude Include="TextureClass.h">
      <Filter>헤더 파일</Filter>
    </ClInclude>
    <ClInclude Include="LightClass.h">
      <Filter>헤더 파일</Filter>
    </ClInclude>
    <ClInclude Include="ShaderClass\LightShaderClass.h">
      <Filter>ShaderClass</Filter>
    </ClInclude>
    <ClInclude Include="ModelDataParserClass.h">
      <Filter>헤더 파일</Filter>
    </ClInclude>
    <ClInclude Include="DesignPattern\GameObject.h">
      <Filter>DesignPattern</Filter>
    </ClInclude>
    <ClInclude Include="DesignPattern\Component.h">
      <Filter>DesignPattern</Filter>
    </ClInclude>
    <ClInclude Include="DesignPattern\Transform.h">
      <Filter>DesignPattern</Filter>
    </ClInclude>
    <ClInclude Include="Components\ModelComponent.h">
      <Filter>Components</Filter>
    </ClInclude>
    <ClInclude Include="ComponentIncludes.h">
      <Filter>헤더 파일</Filter>
    </ClInclude>
    <ClInclude Include="Components\Collider.h">
      <Filter>Components</Filter>
    </ClInclude>
    <ClInclude Include="Components\RigidbodyComponent.h">
      <Filter>Components</Filter>
    </ClInclude>
    <ClInclude Include="ColliderManager.h">
      <Filter>헤더 파일</Filter>
    </ClInclude>
  </ItemGroup>
  <ItemGroup>
    <ClCompile Include="AreongEngine.cpp">
      <Filter>소스 파일</Filter>
    </ClCompile>
    <ClCompile Include="D3DClass.cpp">
      <Filter>소스 파일</Filter>
    </ClCompile>
    <ClCompile Include="InputManager.cpp">
      <Filter>소스 파일</Filter>
    </ClCompile>
    <ClCompile Include="RenderManager.cpp">
      <Filter>소스 파일</Filter>
    </ClCompile>
    <ClCompile Include="stdafx.cpp">
      <Filter>소스 파일</Filter>
    </ClCompile>
    <ClCompile Include="ShaderManager.cpp">
      <Filter>소스 파일</Filter>
    </ClCompile>
    <ClCompile Include="ShaderClass\ColorShaderClass.cpp">
      <Filter>ShaderClass</Filter>
    </ClCompile>
    <ClCompile Include="ModelClass.cpp">
      <Filter>소스 파일</Filter>
    </ClCompile>
    <ClCompile Include="CameraClass.cpp">
      <Filter>소스 파일</Filter>
    </ClCompile>
    <ClCompile Include="ShaderClass\TextureShaderClass.cpp">
      <Filter>ShaderClass</Filter>
    </ClCompile>
    <ClCompile Include="TextureClass.cpp">
      <Filter>소스 파일</Filter>
    </ClCompile>
    <ClCompile Include="LightClass.cpp">
      <Filter>소스 파일</Filter>
    </ClCompile>
    <ClCompile Include="ShaderClass\LightShaderClass.cpp">
      <Filter>ShaderClass</Filter>
    </ClCompile>
    <ClCompile Include="ModelDataParserClass.cpp">
      <Filter>소스 파일</Filter>
    </ClCompile>
    <ClCompile Include="DesignPattern\GameObject.cpp">
      <Filter>DesignPattern</Filter>
    </ClCompile>
    <ClCompile Include="DesignPattern\Component.cpp">
      <Filter>DesignPattern</Filter>
    </ClCompile>
    <ClCompile Include="DesignPattern\Transform.cpp">
      <Filter>DesignPattern</Filter>
    </ClCompile>
    <ClCompile Include="Components\ModelComponent.cpp">
      <Filter>Components</Filter>
    </ClCompile>
    <ClCompile Include="Components\Collider.cpp">
      <Filter>Components</Filter>
    </ClCompile>
    <ClCompile Include="Components\RigidbodyComponent.cpp">
      <Filter>Components</Filter>
    </ClCompile>
    <ClCompile Include="ColliderManager.cpp">
      <Filter>소스 파일</Filter>
    </ClCompile>
  </ItemGroup>
  <ItemGroup>
    <ResourceCompile Include="AreongEngine.rc">
      <Filter>리소스 파일</Filter>
    </ResourceCompile>
  </ItemGroup>
  <ItemGroup>
    <Image Include="small.ico">
      <Filter>리소스 파일</Filter>
    </Image>
    <Image Include="AreongEngine.ico">
      <Filter>리소스 파일</Filter>
    </Image>
  </ItemGroup>
  <ItemGroup>
    <None Include="HLSL\Color.vs">
      <Filter>HLSL</Filter>
    </None>
    <None Include="HLSL\Color.ps">
      <Filter>HLSL</Filter>
    </None>
    <None Include="HLSL\Texture.ps">
      <Filter>HLSL</Filter>
    </None>
    <None Include="HLSL\Texture.vs">
      <Filter>HLSL</Filter>
    </None>
    <None Include="HLSL\Light.ps">
      <Filter>HLSL</Filter>
    </None>
    <None Include="HLSL\Light.vs">
      <Filter>HLSL</Filter>
    </None>
  </ItemGroup>
</Project>